// !$*UTF8*$!
{
	archiveVersion = 1;
	classes = {
	};
	objectVersion = 50;
	objects = {

/* Begin PBXBuildFile section */
		68D347482369DCC90065DA3B /* AppDelegate.swift in Sources */ = {isa = PBXBuildFile; fileRef = 68D347472369DCC90065DA3B /* AppDelegate.swift */; };
		68D3474A2369DCC90065DA3B /* ViewController.swift in Sources */ = {isa = PBXBuildFile; fileRef = 68D347492369DCC90065DA3B /* ViewController.swift */; };
		68D3474D2369DCC90065DA3B /* Main.storyboard in Resources */ = {isa = PBXBuildFile; fileRef = 68D3474B2369DCC90065DA3B /* Main.storyboard */; };
		68D3474F2369DCCD0065DA3B /* Assets.xcassets in Resources */ = {isa = PBXBuildFile; fileRef = 68D3474E2369DCCD0065DA3B /* Assets.xcassets */; };
		68D347522369DCCD0065DA3B /* LaunchScreen.storyboard in Resources */ = {isa = PBXBuildFile; fileRef = 68D347502369DCCD0065DA3B /* LaunchScreen.storyboard */; };
		68D347572369DCCD0065DA3B /* SushiTowerWatch WatchKit App.app in Embed Watch Content */ = {isa = PBXBuildFile; fileRef = 68D347562369DCCD0065DA3B /* SushiTowerWatch WatchKit App.app */; };
		68D3475D2369DCCD0065DA3B /* Interface.storyboard in Resources */ = {isa = PBXBuildFile; fileRef = 68D3475B2369DCCD0065DA3B /* Interface.storyboard */; };
		68D3475F2369DCCE0065DA3B /* Assets.xcassets in Resources */ = {isa = PBXBuildFile; fileRef = 68D3475E2369DCCE0065DA3B /* Assets.xcassets */; };
		68D347662369DCCE0065DA3B /* SushiTowerWatch WatchKit Extension.appex in Embed App Extensions */ = {isa = PBXBuildFile; fileRef = 68D347652369DCCE0065DA3B /* SushiTowerWatch WatchKit Extension.appex */; settings = {ATTRIBUTES = (RemoveHeadersOnCopy, ); }; };
		68D3476B2369DCCE0065DA3B /* InterfaceController.swift in Sources */ = {isa = PBXBuildFile; fileRef = 68D3476A2369DCCE0065DA3B /* InterfaceController.swift */; };
		68D3476D2369DCCE0065DA3B /* ExtensionDelegate.swift in Sources */ = {isa = PBXBuildFile; fileRef = 68D3476C2369DCCE0065DA3B /* ExtensionDelegate.swift */; };
		68D3476F2369DCCF0065DA3B /* Assets.xcassets in Resources */ = {isa = PBXBuildFile; fileRef = 68D3476E2369DCCF0065DA3B /* Assets.xcassets */; };
		68D3477F2369DD6B0065DA3B /* SushiPiece.swift in Sources */ = {isa = PBXBuildFile; fileRef = 68D3477E2369DD6B0065DA3B /* SushiPiece.swift */; };
		68D347812369DD960065DA3B /* GameScene.swift in Sources */ = {isa = PBXBuildFile; fileRef = 68D347802369DD960065DA3B /* GameScene.swift */; };
/* End PBXBuildFile section */

/* Begin PBXContainerItemProxy section */
		68D347582369DCCD0065DA3B /* PBXContainerItemProxy */ = {
			isa = PBXContainerItemProxy;
			containerPortal = 68D3473C2369DCC90065DA3B /* Project object */;
			proxyType = 1;
			remoteGlobalIDString = 68D347552369DCCD0065DA3B;
			remoteInfo = "SushiTowerWatch WatchKit App";
		};
		68D347672369DCCE0065DA3B /* PBXContainerItemProxy */ = {
			isa = PBXContainerItemProxy;
			containerPortal = 68D3473C2369DCC90065DA3B /* Project object */;
			proxyType = 1;
			remoteGlobalIDString = 68D347642369DCCE0065DA3B;
			remoteInfo = "SushiTowerWatch WatchKit Extension";
		};
/* End PBXContainerItemProxy section */

/* Begin PBXCopyFilesBuildPhase section */
		68D347762369DCCF0065DA3B /* Embed App Extensions */ = {
			isa = PBXCopyFilesBuildPhase;
			buildActionMask = 2147483647;
			dstPath = "";
			dstSubfolderSpec = 13;
			files = (
				68D347662369DCCE0065DA3B /* SushiTowerWatch WatchKit Extension.appex in Embed App Extensions */,
			);
			name = "Embed App Extensions";
			runOnlyForDeploymentPostprocessing = 0;
		};
		68D3477A2369DCCF0065DA3B /* Embed Watch Content */ = {
			isa = PBXCopyFilesBuildPhase;
			buildActionMask = 2147483647;
			dstPath = "$(CONTENTS_FOLDER_PATH)/Watch";
			dstSubfolderSpec = 16;
			files = (
				68D347572369DCCD0065DA3B /* SushiTowerWatch WatchKit App.app in Embed Watch Content */,
			);
			name = "Embed Watch Content";
			runOnlyForDeploymentPostprocessing = 0;
		};
/* End PBXCopyFilesBuildPhase section */

/* Begin PBXFileReference section */
		68D347442369DCC90065DA3B /* SushiTowerWatch.app */ = {isa = PBXFileReference; explicitFileType = wrapper.application; includeInIndex = 0; path = SushiTowerWatch.app; sourceTree = BUILT_PRODUCTS_DIR; };
		68D347472369DCC90065DA3B /* AppDelegate.swift */ = {isa = PBXFileReference; lastKnownFileType = sourcecode.swift; path = AppDelegate.swift; sourceTree = "<group>"; };
		68D347492369DCC90065DA3B /* ViewController.swift */ = {isa = PBXFileReference; lastKnownFileType = sourcecode.swift; path = ViewController.swift; sourceTree = "<group>"; };
		68D3474C2369DCC90065DA3B /* Base */ = {isa = PBXFileReference; lastKnownFileType = file.storyboard; name = Base; path = Base.lproj/Main.storyboard; sourceTree = "<group>"; };
		68D3474E2369DCCD0065DA3B /* Assets.xcassets */ = {isa = PBXFileReference; lastKnownFileType = folder.assetcatalog; path = Assets.xcassets; sourceTree = "<group>"; };
		68D347512369DCCD0065DA3B /* Base */ = {isa = PBXFileReference; lastKnownFileType = file.storyboard; name = Base; path = Base.lproj/LaunchScreen.storyboard; sourceTree = "<group>"; };
		68D347532369DCCD0065DA3B /* Info.plist */ = {isa = PBXFileReference; lastKnownFileType = text.plist.xml; path = Info.plist; sourceTree = "<group>"; };
		68D347562369DCCD0065DA3B /* SushiTowerWatch WatchKit App.app */ = {isa = PBXFileReference; explicitFileType = wrapper.application; includeInIndex = 0; path = "SushiTowerWatch WatchKit App.app"; sourceTree = BUILT_PRODUCTS_DIR; };
		68D3475C2369DCCD0065DA3B /* Base */ = {isa = PBXFileReference; lastKnownFileType = file.storyboard; name = Base; path = Base.lproj/Interface.storyboard; sourceTree = "<group>"; };
		68D3475E2369DCCE0065DA3B /* Assets.xcassets */ = {isa = PBXFileReference; lastKnownFileType = folder.assetcatalog; path = Assets.xcassets; sourceTree = "<group>"; };
		68D347602369DCCE0065DA3B /* Info.plist */ = {isa = PBXFileReference; lastKnownFileType = text.plist.xml; path = Info.plist; sourceTree = "<group>"; };
		68D347652369DCCE0065DA3B /* SushiTowerWatch WatchKit Extension.appex */ = {isa = PBXFileReference; explicitFileType = "wrapper.app-extension"; includeInIndex = 0; path = "SushiTowerWatch WatchKit Extension.appex"; sourceTree = BUILT_PRODUCTS_DIR; };
		68D3476A2369DCCE0065DA3B /* InterfaceController.swift */ = {isa = PBXFileReference; lastKnownFileType = sourcecode.swift; path = InterfaceController.swift; sourceTree = "<group>"; };
		68D3476C2369DCCE0065DA3B /* ExtensionDelegate.swift */ = {isa = PBXFileReference; lastKnownFileType = sourcecode.swift; path = ExtensionDelegate.swift; sourceTree = "<group>"; };
		68D3476E2369DCCF0065DA3B /* Assets.xcassets */ = {isa = PBXFileReference; lastKnownFileType = folder.assetcatalog; path = Assets.xcassets; sourceTree = "<group>"; };
		68D347702369DCCF0065DA3B /* Info.plist */ = {isa = PBXFileReference; lastKnownFileType = text.plist.xml; path = Info.plist; sourceTree = "<group>"; };
		68D3477E2369DD6B0065DA3B /* SushiPiece.swift */ = {isa = PBXFileReference; fileEncoding = 4; lastKnownFileType = sourcecode.swift; path = SushiPiece.swift; sourceTree = "<group>"; };
		68D347802369DD960065DA3B /* GameScene.swift */ = {isa = PBXFileReference; fileEncoding = 4; lastKnownFileType = sourcecode.swift; path = GameScene.swift; sourceTree = "<group>"; };
/* End PBXFileReference section */

/* Begin PBXFrameworksBuildPhase section */
		68D347412369DCC90065DA3B /* Frameworks */ = {
			isa = PBXFrameworksBuildPhase;
			buildActionMask = 2147483647;
			files = (
			);
			runOnlyForDeploymentPostprocessing = 0;
		};
		68D347622369DCCE0065DA3B /* Frameworks */ = {
			isa = PBXFrameworksBuildPhase;
			buildActionMask = 2147483647;
			files = (
			);
			runOnlyForDeploymentPostprocessing = 0;
		};
/* End PBXFrameworksBuildPhase section */

/* Begin PBXGroup section */
		68D3473B2369DCC90065DA3B = {
			isa = PBXGroup;
			children = (
				68D347462369DCC90065DA3B /* SushiTowerWatch */,
				68D3475A2369DCCD0065DA3B /* SushiTowerWatch WatchKit App */,
				68D347692369DCCE0065DA3B /* SushiTowerWatch WatchKit Extension */,
				68D347452369DCC90065DA3B /* Products */,
			);
			sourceTree = "<group>";
		};
		68D347452369DCC90065DA3B /* Products */ = {
			isa = PBXGroup;
			children = (
				68D347442369DCC90065DA3B /* SushiTowerWatch.app */,
				68D347562369DCCD0065DA3B /* SushiTowerWatch WatchKit App.app */,
				68D347652369DCCE0065DA3B /* SushiTowerWatch WatchKit Extension.appex */,
			);
			name = Products;
			sourceTree = "<group>";
		};
		68D347462369DCC90065DA3B /* SushiTowerWatch */ = {
			isa = PBXGroup;
			children = (
				68D347802369DD960065DA3B /* GameScene.swift */,
				68D3477E2369DD6B0065DA3B /* SushiPiece.swift */,
				68D347472369DCC90065DA3B /* AppDelegate.swift */,
				68D347492369DCC90065DA3B /* ViewController.swift */,
				68D3474B2369DCC90065DA3B /* Main.storyboard */,
				68D3474E2369DCCD0065DA3B /* Assets.xcassets */,
				68D347502369DCCD0065DA3B /* LaunchScreen.storyboard */,
				68D347532369DCCD0065DA3B /* Info.plist */,
			);
			path = SushiTowerWatch;
			sourceTree = "<group>";
		};
		68D3475A2369DCCD0065DA3B /* SushiTowerWatch WatchKit App */ = {
			isa = PBXGroup;
			children = (
				68D3475B2369DCCD0065DA3B /* Interface.storyboard */,
				68D3475E2369DCCE0065DA3B /* Assets.xcassets */,
				68D347602369DCCE0065DA3B /* Info.plist */,
			);
			path = "SushiTowerWatch WatchKit App";
			sourceTree = "<group>";
		};
		68D347692369DCCE0065DA3B /* SushiTowerWatch WatchKit Extension */ = {
			isa = PBXGroup;
			children = (
				68D3476A2369DCCE0065DA3B /* InterfaceController.swift */,
				68D3476C2369DCCE0065DA3B /* ExtensionDelegate.swift */,
				68D3476E2369DCCF0065DA3B /* Assets.xcassets */,
				68D347702369DCCF0065DA3B /* Info.plist */,
			);
			path = "SushiTowerWatch WatchKit Extension";
			sourceTree = "<group>";
		};
/* End PBXGroup section */

/* Begin PBXNativeTarget section */
		68D347432369DCC90065DA3B /* SushiTowerWatch */ = {
			isa = PBXNativeTarget;
			buildConfigurationList = 68D3477B2369DCCF0065DA3B /* Build configuration list for PBXNativeTarget "SushiTowerWatch" */;
			buildPhases = (
				68D347402369DCC90065DA3B /* Sources */,
				68D347412369DCC90065DA3B /* Frameworks */,
				68D347422369DCC90065DA3B /* Resources */,
				68D3477A2369DCCF0065DA3B /* Embed Watch Content */,
			);
			buildRules = (
			);
			dependencies = (
				68D347592369DCCD0065DA3B /* PBXTargetDependency */,
			);
			name = SushiTowerWatch;
			productName = SushiTowerWatch;
			productReference = 68D347442369DCC90065DA3B /* SushiTowerWatch.app */;
			productType = "com.apple.product-type.application";
		};
		68D347552369DCCD0065DA3B /* SushiTowerWatch WatchKit App */ = {
			isa = PBXNativeTarget;
			buildConfigurationList = 68D347772369DCCF0065DA3B /* Build configuration list for PBXNativeTarget "SushiTowerWatch WatchKit App" */;
			buildPhases = (
				68D347542369DCCD0065DA3B /* Resources */,
				68D347762369DCCF0065DA3B /* Embed App Extensions */,
			);
			buildRules = (
			);
			dependencies = (
				68D347682369DCCE0065DA3B /* PBXTargetDependency */,
			);
			name = "SushiTowerWatch WatchKit App";
			productName = "SushiTowerWatch WatchKit App";
			productReference = 68D347562369DCCD0065DA3B /* SushiTowerWatch WatchKit App.app */;
			productType = "com.apple.product-type.application.watchapp2";
		};
		68D347642369DCCE0065DA3B /* SushiTowerWatch WatchKit Extension */ = {
			isa = PBXNativeTarget;
			buildConfigurationList = 68D347732369DCCF0065DA3B /* Build configuration list for PBXNativeTarget "SushiTowerWatch WatchKit Extension" */;
			buildPhases = (
				68D347612369DCCE0065DA3B /* Sources */,
				68D347622369DCCE0065DA3B /* Frameworks */,
				68D347632369DCCE0065DA3B /* Resources */,
			);
			buildRules = (
			);
			dependencies = (
			);
			name = "SushiTowerWatch WatchKit Extension";
			productName = "SushiTowerWatch WatchKit Extension";
			productReference = 68D347652369DCCE0065DA3B /* SushiTowerWatch WatchKit Extension.appex */;
			productType = "com.apple.product-type.watchkit2-extension";
		};
/* End PBXNativeTarget section */

/* Begin PBXProject section */
		68D3473C2369DCC90065DA3B /* Project object */ = {
			isa = PBXProject;
			attributes = {
				LastSwiftUpdateCheck = 1030;
				LastUpgradeCheck = 1030;
				ORGANIZATIONNAME = Lambton;
				TargetAttributes = {
					68D347432369DCC90065DA3B = {
						CreatedOnToolsVersion = 10.3;
					};
					68D347552369DCCD0065DA3B = {
						CreatedOnToolsVersion = 10.3;
					};
					68D347642369DCCE0065DA3B = {
						CreatedOnToolsVersion = 10.3;
					};
				};
			};
			buildConfigurationList = 68D3473F2369DCC90065DA3B /* Build configuration list for PBXProject "SushiTowerWatch" */;
			compatibilityVersion = "Xcode 9.3";
			developmentRegion = en;
			hasScannedForEncodings = 0;
			knownRegions = (
				en,
				Base,
			);
			mainGroup = 68D3473B2369DCC90065DA3B;
			productRefGroup = 68D347452369DCC90065DA3B /* Products */;
			projectDirPath = "";
			projectRoot = "";
			targets = (
				68D347432369DCC90065DA3B /* SushiTowerWatch */,
				68D347552369DCCD0065DA3B /* SushiTowerWatch WatchKit App */,
				68D347642369DCCE0065DA3B /* SushiTowerWatch WatchKit Extension */,
			);
		};
/* End PBXProject section */

/* Begin PBXResourcesBuildPhase section */
		68D347422369DCC90065DA3B /* Resources */ = {
			isa = PBXResourcesBuildPhase;
			buildActionMask = 2147483647;
			files = (
				68D347522369DCCD0065DA3B /* LaunchScreen.storyboard in Resources */,
				68D3474F2369DCCD0065DA3B /* Assets.xcassets in Resources */,
				68D3474D2369DCC90065DA3B /* Main.storyboard in Resources */,
			);
			runOnlyForDeploymentPostprocessing = 0;
		};
		68D347542369DCCD0065DA3B /* Resources */ = {
			isa = PBXResourcesBuildPhase;
			buildActionMask = 2147483647;
			files = (
				68D3475F2369DCCE0065DA3B /* Assets.xcassets in Resources */,
				68D3475D2369DCCD0065DA3B /* Interface.storyboard in Resources */,
			);
			runOnlyForDeploymentPostprocessing = 0;
		};
		68D347632369DCCE0065DA3B /* Resources */ = {
			isa = PBXResourcesBuildPhase;
			buildActionMask = 2147483647;
			files = (
				68D3476F2369DCCF0065DA3B /* Assets.xcassets in Resources */,
			);
			runOnlyForDeploymentPostprocessing = 0;
		};
/* End PBXResourcesBuildPhase section */

/* Begin PBXSourcesBuildPhase section */
		68D347402369DCC90065DA3B /* Sources */ = {
			isa = PBXSourcesBuildPhase;
			buildActionMask = 2147483647;
			files = (
				68D3477F2369DD6B0065DA3B /* SushiPiece.swift in Sources */,
				68D3474A2369DCC90065DA3B /* ViewController.swift in Sources */,
				68D347812369DD960065DA3B /* GameScene.swift in Sources */,
				68D347482369DCC90065DA3B /* AppDelegate.swift in Sources */,
			);
			runOnlyForDeploymentPostprocessing = 0;
		};
		68D347612369DCCE0065DA3B /* Sources */ = {
			isa = PBXSourcesBuildPhase;
			buildActionMask = 2147483647;
			files = (
				68D3476D2369DCCE0065DA3B /* ExtensionDelegate.swift in Sources */,
				68D3476B2369DCCE0065DA3B /* InterfaceController.swift in Sources */,
			);
			runOnlyForDeploymentPostprocessing = 0;
		};
/* End PBXSourcesBuildPhase section */

/* Begin PBXTargetDependency section */
		68D347592369DCCD0065DA3B /* PBXTargetDependency */ = {
			isa = PBXTargetDependency;
			target = 68D347552369DCCD0065DA3B /* SushiTowerWatch WatchKit App */;
			targetProxy = 68D347582369DCCD0065DA3B /* PBXContainerItemProxy */;
		};
		68D347682369DCCE0065DA3B /* PBXTargetDependency */ = {
			isa = PBXTargetDependency;
			target = 68D347642369DCCE0065DA3B /* SushiTowerWatch WatchKit Extension */;
			targetProxy = 68D347672369DCCE0065DA3B /* PBXContainerItemProxy */;
		};
/* End PBXTargetDependency section */

/* Begin PBXVariantGroup section */
		68D3474B2369DCC90065DA3B /* Main.storyboard */ = {
			isa = PBXVariantGroup;
			children = (
				68D3474C2369DCC90065DA3B /* Base */,
			);
			name = Main.storyboard;
			sourceTree = "<group>";
		};
		68D347502369DCCD0065DA3B /* LaunchScreen.storyboard */ = {
			isa = PBXVariantGroup;
			children = (
				68D347512369DCCD0065DA3B /* Base */,
			);
			name = LaunchScreen.storyboard;
			sourceTree = "<group>";
		};
		68D3475B2369DCCD0065DA3B /* Interface.storyboard */ = {
			isa = PBXVariantGroup;
			children = (
				68D3475C2369DCCD0065DA3B /* Base */,
			);
			name = Interface.storyboard;
			sourceTree = "<group>";
		};
/* End PBXVariantGroup section */

/* Begin XCBuildConfiguration section */
		68D347712369DCCF0065DA3B /* Debug */ = {
			isa = XCBuildConfiguration;
			buildSettings = {
				ALWAYS_SEARCH_USER_PATHS = NO;
				CLANG_ANALYZER_NONNULL = YES;
				CLANG_ANALYZER_NUMBER_OBJECT_CONVERSION = YES_AGGRESSIVE;
				CLANG_CXX_LANGUAGE_STANDARD = "gnu++14";
				CLANG_CXX_LIBRARY = "libc++";
				CLANG_ENABLE_MODULES = YES;
				CLANG_ENABLE_OBJC_ARC = YES;
				CLANG_ENABLE_OBJC_WEAK = YES;
				CLANG_WARN_BLOCK_CAPTURE_AUTORELEASING = YES;
				CLANG_WARN_BOOL_CONVERSION = YES;
				CLANG_WARN_COMMA = YES;
				CLANG_WARN_CONSTANT_CONVERSION = YES;
				CLANG_WARN_DEPRECATED_OBJC_IMPLEMENTATIONS = YES;
				CLANG_WARN_DIRECT_OBJC_ISA_USAGE = YES_ERROR;
				CLANG_WARN_DOCUMENTATION_COMMENTS = YES;
				CLANG_WARN_EMPTY_BODY = YES;
				CLANG_WARN_ENUM_CONVERSION = YES;
				CLANG_WARN_INFINITE_RECURSION = YES;
				CLANG_WARN_INT_CONVERSION = YES;
				CLANG_WARN_NON_LITERAL_NULL_CONVERSION = YES;
				CLANG_WARN_OBJC_IMPLICIT_RETAIN_SELF = YES;
				CLANG_WARN_OBJC_LITERAL_CONVERSION = YES;
				CLANG_WARN_OBJC_ROOT_CLASS = YES_ERROR;
				CLANG_WARN_RANGE_LOOP_ANALYSIS = YES;
				CLANG_WARN_STRICT_PROTOTYPES = YES;
				CLANG_WARN_SUSPICIOUS_MOVE = YES;
				CLANG_WARN_UNGUARDED_AVAILABILITY = YES_AGGRESSIVE;
				CLANG_WARN_UNREACHABLE_CODE = YES;
				CLANG_WARN__DUPLICATE_METHOD_MATCH = YES;
				CODE_SIGN_IDENTITY = "iPhone Developer";
				COPY_PHASE_STRIP = NO;
				DEBUG_INFORMATION_FORMAT = dwarf;
				ENABLE_STRICT_OBJC_MSGSEND = YES;
				ENABLE_TESTABILITY = YES;
				GCC_C_LANGUAGE_STANDARD = gnu11;
				GCC_DYNAMIC_NO_PIC = NO;
				GCC_NO_COMMON_BLOCKS = YES;
				GCC_OPTIMIZATION_LEVEL = 0;
				GCC_PREPROCESSOR_DEFINITIONS = (
					"DEBUG=1",
					"$(inherited)",
				);
				GCC_WARN_64_TO_32_BIT_CONVERSION = YES;
				GCC_WARN_ABOUT_RETURN_TYPE = YES_ERROR;
				GCC_WARN_UNDECLARED_SELECTOR = YES;
				GCC_WARN_UNINITIALIZED_AUTOS = YES_AGGRESSIVE;
				GCC_WARN_UNUSED_FUNCTION = YES;
				GCC_WARN_UNUSED_VARIABLE = YES;
				IPHONEOS_DEPLOYMENT_TARGET = 12.4;
				MTL_ENABLE_DEBUG_INFO = INCLUDE_SOURCE;
				MTL_FAST_MATH = YES;
				ONLY_ACTIVE_ARCH = YES;
				SDKROOT = iphoneos;
				SWIFT_ACTIVE_COMPILATION_CONDITIONS = DEBUG;
				SWIFT_OPTIMIZATION_LEVEL = "-Onone";
			};
			name = Debug;
		};
		68D347722369DCCF0065DA3B /* Release */ = {
			isa = XCBuildConfiguration;
			buildSettings = {
				ALWAYS_SEARCH_USER_PATHS = NO;
				CLANG_ANALYZER_NONNULL = YES;
				CLANG_ANALYZER_NUMBER_OBJECT_CONVERSION = YES_AGGRESSIVE;
				CLANG_CXX_LANGUAGE_STANDARD = "gnu++14";
				CLANG_CXX_LIBRARY = "libc++";
				CLANG_ENABLE_MODULES = YES;
				CLANG_ENABLE_OBJC_ARC = YES;
				CLANG_ENABLE_OBJC_WEAK = YES;
				CLANG_WARN_BLOCK_CAPTURE_AUTORELEASING = YES;
				CLANG_WARN_BOOL_CONVERSION = YES;
				CLANG_WARN_COMMA = YES;
				CLANG_WARN_CONSTANT_CONVERSION = YES;
				CLANG_WARN_DEPRECATED_OBJC_IMPLEMENTATIONS = YES;
				CLANG_WARN_DIRECT_OBJC_ISA_USAGE = YES_ERROR;
				CLANG_WARN_DOCUMENTATION_COMMENTS = YES;
				CLANG_WARN_EMPTY_BODY = YES;
				CLANG_WARN_ENUM_CONVERSION = YES;
				CLANG_WARN_INFINITE_RECURSION = YES;
				CLANG_WARN_INT_CONVERSION = YES;
				CLANG_WARN_NON_LITERAL_NULL_CONVERSION = YES;
				CLANG_WARN_OBJC_IMPLICIT_RETAIN_SELF = YES;
				CLANG_WARN_OBJC_LITERAL_CONVERSION = YES;
				CLANG_WARN_OBJC_ROOT_CLASS = YES_ERROR;
				CLANG_WARN_RANGE_LOOP_ANALYSIS = YES;
				CLANG_WARN_STRICT_PROTOTYPES = YES;
				CLANG_WARN_SUSPICIOUS_MOVE = YES;
				CLANG_WARN_UNGUARDED_AVAILABILITY = YES_AGGRESSIVE;
				CLANG_WARN_UNREACHABLE_CODE = YES;
				CLANG_WARN__DUPLICATE_METHOD_MATCH = YES;
				CODE_SIGN_IDENTITY = "iPhone Developer";
				COPY_PHASE_STRIP = NO;
				DEBUG_INFORMATION_FORMAT = "dwarf-with-dsym";
				ENABLE_NS_ASSERTIONS = NO;
				ENABLE_STRICT_OBJC_MSGSEND = YES;
				GCC_C_LANGUAGE_STANDARD = gnu11;
				GCC_NO_COMMON_BLOCKS = YES;
				GCC_WARN_64_TO_32_BIT_CONVERSION = YES;
				GCC_WARN_ABOUT_RETURN_TYPE = YES_ERROR;
				GCC_WARN_UNDECLARED_SELECTOR = YES;
				GCC_WARN_UNINITIALIZED_AUTOS = YES_AGGRESSIVE;
				GCC_WARN_UNUSED_FUNCTION = YES;
				GCC_WARN_UNUSED_VARIABLE = YES;
				IPHONEOS_DEPLOYMENT_TARGET = 12.4;
				MTL_ENABLE_DEBUG_INFO = NO;
				MTL_FAST_MATH = YES;
				SDKROOT = iphoneos;
				SWIFT_COMPILATION_MODE = wholemodule;
				SWIFT_OPTIMIZATION_LEVEL = "-O";
				VALIDATE_PRODUCT = YES;
			};
			name = Release;
		};
		68D347742369DCCF0065DA3B /* Debug */ = {
			isa = XCBuildConfiguration;
			buildSettings = {
				ASSETCATALOG_COMPILER_COMPLICATION_NAME = Complication;
				CODE_SIGN_STYLE = Automatic;
				INFOPLIST_FILE = "SushiTowerWatch WatchKit Extension/Info.plist";
				LD_RUNPATH_SEARCH_PATHS = (
					"$(inherited)",
					"@executable_path/Frameworks",
					"@executable_path/../../Frameworks",
				);
				PRODUCT_BUNDLE_IDENTIFIER = ca.lambtoncollege.mad3115.SushiTowerWatch.watchkitapp.watchkitextension;
				PRODUCT_NAME = "${TARGET_NAME}";
				SDKROOT = watchos;
				SKIP_INSTALL = YES;
				SWIFT_VERSION = 5.0;
				TARGETED_DEVICE_FAMILY = 4;
				WATCHOS_DEPLOYMENT_TARGET = 5.3;
			};
			name = Debug;
		};
		68D347752369DCCF0065DA3B /* Release */ = {
			isa = XCBuildConfiguration;
			buildSettings = {
				ASSETCATALOG_COMPILER_COMPLICATION_NAME = Complication;
				CODE_SIGN_STYLE = Automatic;
				INFOPLIST_FILE = "SushiTowerWatch WatchKit Extension/Info.plist";
				LD_RUNPATH_SEARCH_PATHS = (
					"$(inherited)",
					"@executable_path/Frameworks",
					"@executable_path/../../Frameworks",
				);
				PRODUCT_BUNDLE_IDENTIFIER = ca.lambtoncollege.mad3115.SushiTowerWatch.watchkitapp.watchkitextension;
				PRODUCT_NAME = "${TARGET_NAME}";
				SDKROOT = watchos;
				SKIP_INSTALL = YES;
				SWIFT_VERSION = 5.0;
				TARGETED_DEVICE_FAMILY = 4;
				WATCHOS_DEPLOYMENT_TARGET = 5.3;
			};
			name = Release;
		};
		68D347782369DCCF0065DA3B /* Debug */ = {
			isa = XCBuildConfiguration;
			buildSettings = {
				ALWAYS_EMBED_SWIFT_STANDARD_LIBRARIES = YES;
				ASSETCATALOG_COMPILER_APPICON_NAME = AppIcon;
				CODE_SIGN_STYLE = Automatic;
				IBSC_MODULE = SushiTowerWatch_WatchKit_Extension;
				INFOPLIST_FILE = "SushiTowerWatch WatchKit App/Info.plist";
				PRODUCT_BUNDLE_IDENTIFIER = ca.lambtoncollege.mad3115.SushiTowerWatch.watchkitapp;
				PRODUCT_NAME = "$(TARGET_NAME)";
				SDKROOT = watchos;
				SKIP_INSTALL = YES;
				SWIFT_VERSION = 5.0;
				TARGETED_DEVICE_FAMILY = 4;
				WATCHOS_DEPLOYMENT_TARGET = 5.3;
			};
			name = Debug;
		};
		68D347792369DCCF0065DA3B /* Release */ = {
			isa = XCBuildConfiguration;
			buildSettings = {
				ALWAYS_EMBED_SWIFT_STANDARD_LIBRARIES = YES;
				ASSETCATALOG_COMPILER_APPICON_NAME = AppIcon;
				CODE_SIGN_STYLE = Automatic;
				IBSC_MODULE = SushiTowerWatch_WatchKit_Extension;
				INFOPLIST_FILE = "SushiTowerWatch WatchKit App/Info.plist";
				PRODUCT_BUNDLE_IDENTIFIER = ca.lambtoncollege.mad3115.SushiTowerWatch.watchkitapp;
				PRODUCT_NAME = "$(TARGET_NAME)";
				SDKROOT = watchos;
				SKIP_INSTALL = YES;
				SWIFT_VERSION = 5.0;
				TARGETED_DEVICE_FAMILY = 4;
				WATCHOS_DEPLOYMENT_TARGET = 5.3;
			};
			name = Release;
		};
		68D3477C2369DCCF0065DA3B /* Debug */ = {
			isa = XCBuildConfiguration;
			buildSettings = {
				ASSETCATALOG_COMPILER_APPICON_NAME = AppIcon;
				CODE_SIGN_STYLE = Automatic;
				INFOPLIST_FILE = SushiTowerWatch/Info.plist;
				LD_RUNPATH_SEARCH_PATHS = (
					"$(inherited)",
					"@executable_path/Frameworks",
				);
				PRODUCT_BUNDLE_IDENTIFIER = ca.lambtoncollege.mad3115.SushiTowerWatch;
				PRODUCT_NAME = "$(TARGET_NAME)";
				SWIFT_VERSION = 5.0;
				TARGETED_DEVICE_FAMILY = "1,2";
			};
			name = Debug;
		};
		68D3477D2369DCCF0065DA3B /* Release */ = {
			isa = XCBuildConfiguration;
			buildSettings = {
				ASSETCATALOG_COMPILER_APPICON_NAME = AppIcon;
				CODE_SIGN_STYLE = Automatic;
				INFOPLIST_FILE = SushiTowerWatch/Info.plist;
				LD_RUNPATH_SEARCH_PATHS = (
					"$(inherited)",
					"@executable_path/Frameworks",
				);
				PRODUCT_BUNDLE_IDENTIFIER = ca.lambtoncollege.mad3115.SushiTowerWatch;
				PRODUCT_NAME = "$(TARGET_NAME)";
				SWIFT_VERSION = 5.0;
				TARGETED_DEVICE_FAMILY = "1,2";
			};
			name = Release;
		};
/* End XCBuildConfiguration section */

/* Begin XCConfigurationList section */
		68D3473F2369DCC90065DA3B /* Build configuration list for PBXProject "SushiTowerWatch" */ = {
			isa = XCConfigurationList;
			buildConfigurations = (
				68D347712369DCCF0065DA3B /* Debug */,
				68D347722369DCCF0065DA3B /* Release */,
			);
			defaultConfigurationIsVisible = 0;
			defaultConfigurationName = Release;
		};
		68D347732369DCCF0065DA3B /* Build configuration list for PBXNativeTarget "SushiTowerWatch WatchKit Extension" */ = {
			isa = XCConfigurationList;
			buildConfigurations = (
				68D347742369DCCF0065DA3B /* Debug */,
				68D347752369DCCF0065DA3B /* Release */,
			);
			defaultConfigurationIsVisible = 0;
			defaultConfigurationName = Release;
		};
		68D347772369DCCF0065DA3B /* Build configuration list for PBXNativeTarget "SushiTowerWatch WatchKit App" */ = {
			isa = XCConfigurationList;
			buildConfigurations = (
				68D347782369DCCF0065DA3B /* Debug */,
				68D347792369DCCF0065DA3B /* Release */,
			);
			defaultConfigurationIsVisible = 0;
			defaultConfigurationName = Release;
		};
		68D3477B2369DCCF0065DA3B /* Build configuration list for PBXNativeTarget "SushiTowerWatch" */ = {
			isa = XCConfigurationList;
			buildConfigurations = (
				68D3477C2369DCCF0065DA3B /* Debug */,
				68D3477D2369DCCF0065DA3B /* Release */,
			);
			defaultConfigurationIsVisible = 0;
			defaultConfigurationName = Release;
		};
/* End XCConfigurationList section */
	};
	rootObject = 68D3473C2369DCC90065DA3B /* Project object */;
}
